
Microsoft Visual Studio Solution File, Format Version 12.00
# Visual Studio Version 17
VisualStudioVersion = 17.8.34511.84
MinimumVisualStudioVersion = 10.0.40219.1
Project("{8BC9CEB8-8B4A-11D0-8D11-00A0C91BC942}") = "HalalCloud.Client.Playground", "HalalCloud.Client.Playground\HalalCloud.Client.Playground.vcxproj", "{86D4AFAD-E229-4849-965B-3D1DE93CA98C}"
	ProjectSection(ProjectDependencies) = postProject
		{D5ECCC0A-B633-4BE3-9F74-31A8D744821A} = {D5ECCC0A-B633-4BE3-9F74-31A8D744821A}
	EndProjectSection
EndProject
Project("{9A19103F-16F7-4668-BE54-9A1E7A4F7556}") = "HalalCloud.Client.SharpPlayground", "HalalCloud.Client.SharpPlayground\HalalCloud.Client.SharpPlayground.csproj", "{EA15F0CE-D188-4768-BCE5-677E13DDF171}"
EndProject
Project("{9A19103F-16F7-4668-BE54-9A1E7A4F7556}") = "HalalCloud.Client.Core", "HalalCloud.Client.Core\HalalCloud.Client.Core.csproj", "{03172DD7-4FF7-4FB4-BD9C-85DAAE63CA33}"
EndProject
Project("{8BC9CEB8-8B4A-11D0-8D11-00A0C91BC942}") = "HalalCloud.Client", "HalalCloud.Client\HalalCloud.Client.vcxproj", "{2597465E-3330-43D7-93CC-790CBB26B69E}"
EndProject
Project("{9A19103F-16F7-4668-BE54-9A1E7A4F7556}") = "HalalCloud.Client.Core.UnitTest", "HalalCloud.Client.Core.UnitTest\HalalCloud.Client.Core.UnitTest.csproj", "{D24A8CF0-8A1C-4ECB-A7EE-F401E9779E61}"
EndProject
Project("{9A19103F-16F7-4668-BE54-9A1E7A4F7556}") = "BaiduBce", "BaiduBce\BaiduBce.csproj", "{465C567B-F56B-47C3-A3A1-CC8682C92725}"
EndProject
Project("{9A19103F-16F7-4668-BE54-9A1E7A4F7556}") = "HalalCloud.RpcClient", "HalalCloud.RpcClient\HalalCloud.RpcClient.csproj", "{D5ECCC0A-B633-4BE3-9F74-31A8D744821A}"
EndProject
Project("{8BC9CEB8-8B4A-11D0-8D11-00A0C91BC942}") = "HalalCloud.BaiduBce", "HalalCloud.BaiduBce\HalalCloud.BaiduBce.vcxproj", "{68A09EBE-493D-4525-9B19-007F2C32C435}"
EndProject
Global
	GlobalSection(SolutionConfigurationPlatforms) = preSolution
		Debug|ARM64 = Debug|ARM64
		Debug|x64 = Debug|x64
		Debug|x86 = Debug|x86
		Release|ARM64 = Release|ARM64
		Release|x64 = Release|x64
		Release|x86 = Release|x86
	EndGlobalSection
	GlobalSection(ProjectConfigurationPlatforms) = postSolution
		{86D4AFAD-E229-4849-965B-3D1DE93CA98C}.Debug|ARM64.ActiveCfg = Debug|ARM64
		{86D4AFAD-E229-4849-965B-3D1DE93CA98C}.Debug|ARM64.Build.0 = Debug|ARM64
		{86D4AFAD-E229-4849-965B-3D1DE93CA98C}.Debug|x64.ActiveCfg = Debug|x64
		{86D4AFAD-E229-4849-965B-3D1DE93CA98C}.Debug|x64.Build.0 = Debug|x64
		{86D4AFAD-E229-4849-965B-3D1DE93CA98C}.Debug|x86.ActiveCfg = Debug|Win32
		{86D4AFAD-E229-4849-965B-3D1DE93CA98C}.Release|ARM64.ActiveCfg = Release|ARM64
		{86D4AFAD-E229-4849-965B-3D1DE93CA98C}.Release|ARM64.Build.0 = Release|ARM64
		{86D4AFAD-E229-4849-965B-3D1DE93CA98C}.Release|x64.ActiveCfg = Release|x64
		{86D4AFAD-E229-4849-965B-3D1DE93CA98C}.Release|x64.Build.0 = Release|x64
		{86D4AFAD-E229-4849-965B-3D1DE93CA98C}.Release|x86.ActiveCfg = Release|Win32
		{EA15F0CE-D188-4768-BCE5-677E13DDF171}.Debug|ARM64.ActiveCfg = Debug|Any CPU
		{EA15F0CE-D188-4768-BCE5-677E13DDF171}.Debug|ARM64.Build.0 = Debug|Any CPU
		{EA15F0CE-D188-4768-BCE5-677E13DDF171}.Debug|x64.ActiveCfg = Debug|Any CPU
		{EA15F0CE-D188-4768-BCE5-677E13DDF171}.Debug|x64.Build.0 = Debug|Any CPU
		{EA15F0CE-D188-4768-BCE5-677E13DDF171}.Debug|x86.ActiveCfg = Debug|Any CPU
		{EA15F0CE-D188-4768-BCE5-677E13DDF171}.Debug|x86.Build.0 = Debug|Any CPU
		{EA15F0CE-D188-4768-BCE5-677E13DDF171}.Release|ARM64.ActiveCfg = Release|Any CPU
		{EA15F0CE-D188-4768-BCE5-677E13DDF171}.Release|ARM64.Build.0 = Release|Any CPU
		{EA15F0CE-D188-4768-BCE5-677E13DDF171}.Release|x64.ActiveCfg = Release|Any CPU
		{EA15F0CE-D188-4768-BCE5-677E13DDF171}.Release|x64.Build.0 = Release|Any CPU
		{EA15F0CE-D188-4768-BCE5-677E13DDF171}.Release|x86.ActiveCfg = Release|Any CPU
		{EA15F0CE-D188-4768-BCE5-677E13DDF171}.Release|x86.Build.0 = Release|Any CPU
		{03172DD7-4FF7-4FB4-BD9C-85DAAE63CA33}.Debug|ARM64.ActiveCfg = Debug|Any CPU
		{03172DD7-4FF7-4FB4-BD9C-85DAAE63CA33}.Debug|ARM64.Build.0 = Debug|Any CPU
		{03172DD7-4FF7-4FB4-BD9C-85DAAE63CA33}.Debug|x64.ActiveCfg = Debug|Any CPU
		{03172DD7-4FF7-4FB4-BD9C-85DAAE63CA33}.Debug|x64.Build.0 = Debug|Any CPU
		{03172DD7-4FF7-4FB4-BD9C-85DAAE63CA33}.Debug|x86.ActiveCfg = Debug|Any CPU
		{03172DD7-4FF7-4FB4-BD9C-85DAAE63CA33}.Debug|x86.Build.0 = Debug|Any CPU
		{03172DD7-4FF7-4FB4-BD9C-85DAAE63CA33}.Release|ARM64.ActiveCfg = Release|Any CPU
		{03172DD7-4FF7-4FB4-BD9C-85DAAE63CA33}.Release|ARM64.Build.0 = Release|Any CPU
		{03172DD7-4FF7-4FB4-BD9C-85DAAE63CA33}.Release|x64.ActiveCfg = Release|Any CPU
		{03172DD7-4FF7-4FB4-BD9C-85DAAE63CA33}.Release|x64.Build.0 = Release|Any CPU
		{03172DD7-4FF7-4FB4-BD9C-85DAAE63CA33}.Release|x86.ActiveCfg = Release|Any CPU
		{03172DD7-4FF7-4FB4-BD9C-85DAAE63CA33}.Release|x86.Build.0 = Release|Any CPU
		{2597465E-3330-43D7-93CC-790CBB26B69E}.Debug|ARM64.ActiveCfg = Debug|ARM64
		{2597465E-3330-43D7-93CC-790CBB26B69E}.Debug|x64.ActiveCfg = Debug|x64
		{2597465E-3330-43D7-93CC-790CBB26B69E}.Debug|x64.Build.0 = Debug|x64
		{2597465E-3330-43D7-93CC-790CBB26B69E}.Debug|x86.ActiveCfg = Debug|Win32
		{2597465E-3330-43D7-93CC-790CBB26B69E}.Release|ARM64.ActiveCfg = Release|ARM64
		{2597465E-3330-43D7-93CC-790CBB26B69E}.Release|x64.ActiveCfg = Release|x64
		{2597465E-3330-43D7-93CC-790CBB26B69E}.Release|x64.Build.0 = Release|x64
		{2597465E-3330-43D7-93CC-790CBB26B69E}.Release|x86.ActiveCfg = Release|Win32
		{D24A8CF0-8A1C-4ECB-A7EE-F401E9779E61}.Debug|ARM64.ActiveCfg = Debug|Any CPU
		{D24A8CF0-8A1C-4ECB-A7EE-F401E9779E61}.Debug|ARM64.Build.0 = Debug|Any CPU
		{D24A8CF0-8A1C-4ECB-A7EE-F401E9779E61}.Debug|x64.ActiveCfg = Debug|Any CPU
		{D24A8CF0-8A1C-4ECB-A7EE-F401E9779E61}.Debug|x64.Build.0 = Debug|Any CPU
		{D24A8CF0-8A1C-4ECB-A7EE-F401E9779E61}.Debug|x86.ActiveCfg = Debug|Any CPU
		{D24A8CF0-8A1C-4ECB-A7EE-F401E9779E61}.Debug|x86.Build.0 = Debug|Any CPU
		{D24A8CF0-8A1C-4ECB-A7EE-F401E9779E61}.Release|ARM64.ActiveCfg = Release|Any CPU
		{D24A8CF0-8A1C-4ECB-A7EE-F401E9779E61}.Release|ARM64.Build.0 = Release|Any CPU
		{D24A8CF0-8A1C-4ECB-A7EE-F401E9779E61}.Release|x64.ActiveCfg = Release|Any CPU
		{D24A8CF0-8A1C-4ECB-A7EE-F401E9779E61}.Release|x64.Build.0 = Release|Any CPU
		{D24A8CF0-8A1C-4ECB-A7EE-F401E9779E61}.Release|x86.ActiveCfg = Release|Any CPU
		{D24A8CF0-8A1C-4ECB-A7EE-F401E9779E61}.Release|x86.Build.0 = Release|Any CPU
		{465C567B-F56B-47C3-A3A1-CC8682C92725}.Debug|ARM64.ActiveCfg = Debug|Any CPU
		{465C567B-F56B-47C3-A3A1-CC8682C92725}.Debug|ARM64.Build.0 = Debug|Any CPU
		{465C567B-F56B-47C3-A3A1-CC8682C92725}.Debug|x64.ActiveCfg = Debug|Any CPU
		{465C567B-F56B-47C3-A3A1-CC8682C92725}.Debug|x64.Build.0 = Debug|Any CPU
		{465C567B-F56B-47C3-A3A1-CC8682C92725}.Debug|x86.ActiveCfg = Debug|Any CPU
		{465C567B-F56B-47C3-A3A1-CC8682C92725}.Debug|x86.Build.0 = Debug|Any CPU
		{465C567B-F56B-47C3-A3A1-CC8682C92725}.Release|ARM64.ActiveCfg = Release|Any CPU
		{465C567B-F56B-47C3-A3A1-CC8682C92725}.Release|ARM64.Build.0 = Release|Any CPU
		{465C567B-F56B-47C3-A3A1-CC8682C92725}.Release|x64.ActiveCfg = Release|Any CPU
		{465C567B-F56B-47C3-A3A1-CC8682C92725}.Release|x64.Build.0 = Release|Any CPU
		{465C567B-F56B-47C3-A3A1-CC8682C92725}.Release|x86.ActiveCfg = Release|Any CPU
		{465C567B-F56B-47C3-A3A1-CC8682C92725}.Release|x86.Build.0 = Release|Any CPU
		{D5ECCC0A-B633-4BE3-9F74-31A8D744821A}.Debug|ARM64.ActiveCfg = Debug|ARM64
		{D5ECCC0A-B633-4BE3-9F74-31A8D744821A}.Debug|ARM64.Build.0 = Debug|ARM64
		{D5ECCC0A-B633-4BE3-9F74-31A8D744821A}.Debug|x64.ActiveCfg = Debug|x64
		{D5ECCC0A-B633-4BE3-9F74-31A8D744821A}.Debug|x64.Build.0 = Debug|x64
		{D5ECCC0A-B633-4BE3-9F74-31A8D744821A}.Debug|x86.ActiveCfg = Debug|x86
		{D5ECCC0A-B633-4BE3-9F74-31A8D744821A}.Release|ARM64.ActiveCfg = Release|ARM64
		{D5ECCC0A-B633-4BE3-9F74-31A8D744821A}.Release|ARM64.Build.0 = Release|ARM64
		{D5ECCC0A-B633-4BE3-9F74-31A8D744821A}.Release|x64.ActiveCfg = Release|x64
		{D5ECCC0A-B633-4BE3-9F74-31A8D744821A}.Release|x64.Build.0 = Release|x64
		{D5ECCC0A-B633-4BE3-9F74-31A8D744821A}.Release|x86.ActiveCfg = Release|x86
		{68A09EBE-493D-4525-9B19-007F2C32C435}.Debug|ARM64.ActiveCfg = Debug|ARM64
		{68A09EBE-493D-4525-9B19-007F2C32C435}.Debug|ARM64.Build.0 = Debug|ARM64
		{68A09EBE-493D-4525-9B19-007F2C32C435}.Debug|x64.ActiveCfg = Debug|x64
		{68A09EBE-493D-4525-9B19-007F2C32C435}.Debug|x64.Build.0 = Debug|x64
		{68A09EBE-493D-4525-9B19-007F2C32C435}.Debug|x86.ActiveCfg = Debug|Win32
		{68A09EBE-493D-4525-9B19-007F2C32C435}.Debug|x86.Build.0 = Debug|Win32
		{68A09EBE-493D-4525-9B19-007F2C32C435}.Release|ARM64.ActiveCfg = Release|ARM64
		{68A09EBE-493D-4525-9B19-007F2C32C435}.Release|ARM64.Build.0 = Release|ARM64
		{68A09EBE-493D-4525-9B19-007F2C32C435}.Release|x64.ActiveCfg = Release|x64
		{68A09EBE-493D-4525-9B19-007F2C32C435}.Release|x64.Build.0 = Release|x64
		{68A09EBE-493D-4525-9B19-007F2C32C435}.Release|x86.ActiveCfg = Release|Win32
		{68A09EBE-493D-4525-9B19-007F2C32C435}.Release|x86.Build.0 = Release|Win32
	EndGlobalSection
	GlobalSection(SolutionProperties) = preSolution
		HideSolutionNode = FALSE
	EndGlobalSection
	GlobalSection(ExtensibilityGlobals) = postSolution
		SolutionGuid = {2DA69971-8FA6-4411-9B1B-069301B12852}
	EndGlobalSection
EndGlobal
