<?xml version="1.0" encoding="utf-8"?>
<Project ToolsVersion="4.0" xmlns="http://schemas.microsoft.com/developer/msbuild/2003">
  <ItemGroup>
    <Manifest Include="HalalCloud.Client.Playground.manifest" />
  </ItemGroup>
  <ItemGroup>
    <ClCompile Include="HalalCloud.Client.Playground.cpp" />
    <ClCompile Include="..\HalalCloud.Protocol\Generated\pub_common.grpc.pb.cc">
      <Filter>HalalCloud.Protocol</Filter>
    </ClCompile>
    <ClCompile Include="..\HalalCloud.Protocol\Generated\pub_common.pb.cc">
      <Filter>HalalCloud.Protocol</Filter>
    </ClCompile>
    <ClCompile Include="..\HalalCloud.Protocol\Generated\public_user_file.grpc.pb.cc">
      <Filter>HalalCloud.Protocol</Filter>
    </ClCompile>
    <ClCompile Include="..\HalalCloud.Protocol\Generated\public_user_file.pb.cc">
      <Filter>HalalCloud.Protocol</Filter>
    </ClCompile>
    <ClCompile Include="..\HalalCloud.Protocol\Generated\public_user_offline.grpc.pb.cc">
      <Filter>HalalCloud.Protocol</Filter>
    </ClCompile>
    <ClCompile Include="..\HalalCloud.Protocol\Generated\public_user_offline.pb.cc">
      <Filter>HalalCloud.Protocol</Filter>
    </ClCompile>
    <ClCompile Include="..\HalalCloud.Protocol\Generated\rpc_transport.grpc.pb.cc">
      <Filter>HalalCloud.Protocol</Filter>
    </ClCompile>
    <ClCompile Include="..\HalalCloud.Protocol\Generated\rpc_transport.pb.cc">
      <Filter>HalalCloud.Protocol</Filter>
    </ClCompile>
    <ClCompile Include="..\HalalCloud.Protocol\Generated\slice_svc.grpc.pb.cc">
      <Filter>HalalCloud.Protocol</Filter>
    </ClCompile>
    <ClCompile Include="..\HalalCloud.Protocol\Generated\slice_svc.pb.cc">
      <Filter>HalalCloud.Protocol</Filter>
    </ClCompile>
    <ClCompile Include="..\HalalCloud.Protocol\Generated\user_svc.grpc.pb.cc">
      <Filter>HalalCloud.Protocol</Filter>
    </ClCompile>
    <ClCompile Include="..\HalalCloud.Protocol\Generated\user_svc.pb.cc">
      <Filter>HalalCloud.Protocol</Filter>
    </ClCompile>
    <ClCompile Include="..\HalalCloud.Protocol\Generated\webrtc_manager.grpc.pb.cc">
      <Filter>HalalCloud.Protocol</Filter>
    </ClCompile>
    <ClCompile Include="..\HalalCloud.Protocol\Generated\webrtc_manager.pb.cc">
      <Filter>HalalCloud.Protocol</Filter>
    </ClCompile>
  </ItemGroup>
  <ItemGroup>
    <Filter Include="HalalCloud.Protocol">
      <UniqueIdentifier>{abe0915d-4d12-4efc-b022-89bc2f1ed124}</UniqueIdentifier>
    </Filter>
  </ItemGroup>
  <ItemGroup>
    <ClInclude Include="..\HalalCloud.Protocol\Generated\pub_common.grpc.pb.h">
      <Filter>HalalCloud.Protocol</Filter>
    </ClInclude>
    <ClInclude Include="..\HalalCloud.Protocol\Generated\pub_common.pb.h">
      <Filter>HalalCloud.Protocol</Filter>
    </ClInclude>
    <ClInclude Include="..\HalalCloud.Protocol\Generated\public_user_file.grpc.pb.h">
      <Filter>HalalCloud.Protocol</Filter>
    </ClInclude>
    <ClInclude Include="..\HalalCloud.Protocol\Generated\public_user_file.pb.h">
      <Filter>HalalCloud.Protocol</Filter>
    </ClInclude>
    <ClInclude Include="..\HalalCloud.Protocol\Generated\public_user_offline.grpc.pb.h">
      <Filter>HalalCloud.Protocol</Filter>
    </ClInclude>
    <ClInclude Include="..\HalalCloud.Protocol\Generated\public_user_offline.pb.h">
      <Filter>HalalCloud.Protocol</Filter>
    </ClInclude>
    <ClInclude Include="..\HalalCloud.Protocol\Generated\rpc_transport.grpc.pb.h">
      <Filter>HalalCloud.Protocol</Filter>
    </ClInclude>
    <ClInclude Include="..\HalalCloud.Protocol\Generated\rpc_transport.pb.h">
      <Filter>HalalCloud.Protocol</Filter>
    </ClInclude>
    <ClInclude Include="..\HalalCloud.Protocol\Generated\slice_svc.grpc.pb.h">
      <Filter>HalalCloud.Protocol</Filter>
    </ClInclude>
    <ClInclude Include="..\HalalCloud.Protocol\Generated\slice_svc.pb.h">
      <Filter>HalalCloud.Protocol</Filter>
    </ClInclude>
    <ClInclude Include="..\HalalCloud.Protocol\Generated\user_svc.grpc.pb.h">
      <Filter>HalalCloud.Protocol</Filter>
    </ClInclude>
    <ClInclude Include="..\HalalCloud.Protocol\Generated\user_svc.pb.h">
      <Filter>HalalCloud.Protocol</Filter>
    </ClInclude>
    <ClInclude Include="..\HalalCloud.Protocol\Generated\webrtc_manager.grpc.pb.h">
      <Filter>HalalCloud.Protocol</Filter>
    </ClInclude>
    <ClInclude Include="..\HalalCloud.Protocol\Generated\webrtc_manager.pb.h">
      <Filter>HalalCloud.Protocol</Filter>
    </ClInclude>
  </ItemGroup>
</Project>